
Microsoft Visual Studio Solution File, Format Version 12.00
# Visual Studio 14
VisualStudioVersion = 14.0.22609.0
MinimumVisualStudioVersion = 10.0.40219.1
Project("{F2A71F9B-5D33-465A-A702-920D77279786}") = "travianBot", "travianBot\travianBot.fsproj", "{302C1846-131D-43AF-99B0-CBC2B3CE6B2E}"
EndProject
Global
	GlobalSection(SolutionConfigurationPlatforms) = preSolution
		Debug|Any CPU = Debug|Any CPU
		Release|Any CPU = Release|Any CPU
	EndGlobalSection
	GlobalSection(ProjectConfigurationPlatforms) = postSolution
		{302C1846-131D-43AF-99B0-CBC2B3CE6B2E}.Debug|Any CPU.ActiveCfg = Debug|Any CPU
		{302C1846-131D-43AF-99B0-CBC2B3CE6B2E}.Debug|Any CPU.Build.0 = Debug|Any CPU
		{302C1846-131D-43AF-99B0-CBC2B3CE6B2E}.Release|Any CPU.ActiveCfg = Release|Any CPU
		{302C1846-131D-43AF-99B0-CBC2B3CE6B2E}.Release|Any CPU.Build.0 = Release|Any CPU
	EndGlobalSection
	GlobalSection(SolutionProperties) = preSolution
		HideSolutionNode = FALSE
	EndGlobalSection
EndGlobal
